
Microsoft Visual Studio Solution File, Format Version 12.00
# Visual Studio 15
VisualStudioVersion = 15.0.27703.2000
MinimumVisualStudioVersion = 10.0.40219.1
Project("{FAE04EC0-301F-11D3-BF4B-00C04F79EFBC}") = "Cookeet.Android", "Cookeet\Cookeet.Android\Cookeet.Android.csproj", "{4E8E35FC-0B5C-4D94-8B79-54F558EDAF12}"
EndProject
Project("{FAE04EC0-301F-11D3-BF4B-00C04F79EFBC}") = "Cookeet.iOS", "Cookeet\Cookeet.iOS\Cookeet.iOS.csproj", "{EE05D2EF-CE41-4275-8C17-7C1D1ACC9CCF}"
EndProject
Project("{FAE04EC0-301F-11D3-BF4B-00C04F79EFBC}") = "Cookeet.UWP", "Cookeet\Cookeet.UWP\Cookeet.UWP.csproj", "{D5635AC6-9529-4699-9863-D319CEF52A88}"
EndProject
Project("{FAE04EC0-301F-11D3-BF4B-00C04F79EFBC}") = "Cookeet", "Cookeet\Cookeet\Cookeet.csproj", "{ACFFD35B-40C5-40C6-BA47-8A756A6E425A}"
EndProject
Global
	GlobalSection(SolutionConfigurationPlatforms) = preSolution
		Ad-Hoc|Any CPU = Ad-Hoc|Any CPU
		Ad-Hoc|ARM = Ad-Hoc|ARM
		Ad-Hoc|iPhone = Ad-Hoc|iPhone
		Ad-Hoc|iPhoneSimulator = Ad-Hoc|iPhoneSimulator
		Ad-Hoc|x64 = Ad-Hoc|x64
		Ad-Hoc|x86 = Ad-Hoc|x86
		AppStore|Any CPU = AppStore|Any CPU
		AppStore|ARM = AppStore|ARM
		AppStore|iPhone = AppStore|iPhone
		AppStore|iPhoneSimulator = AppStore|iPhoneSimulator
		AppStore|x64 = AppStore|x64
		AppStore|x86 = AppStore|x86
		Debug|Any CPU = Debug|Any CPU
		Debug|ARM = Debug|ARM
		Debug|iPhone = Debug|iPhone
		Debug|iPhoneSimulator = Debug|iPhoneSimulator
		Debug|x64 = Debug|x64
		Debug|x86 = Debug|x86
		Release|Any CPU = Release|Any CPU
		Release|ARM = Release|ARM
		Release|iPhone = Release|iPhone
		Release|iPhoneSimulator = Release|iPhoneSimulator
		Release|x64 = Release|x64
		Release|x86 = Release|x86
	EndGlobalSection
	GlobalSection(ProjectConfigurationPlatforms) = postSolution
		{4E8E35FC-0B5C-4D94-8B79-54F558EDAF12}.Ad-Hoc|Any CPU.ActiveCfg = Release|Any CPU
		{4E8E35FC-0B5C-4D94-8B79-54F558EDAF12}.Ad-Hoc|Any CPU.Build.0 = Release|Any CPU
		{4E8E35FC-0B5C-4D94-8B79-54F558EDAF12}.Ad-Hoc|Any CPU.Deploy.0 = Release|Any CPU
		{4E8E35FC-0B5C-4D94-8B79-54F558EDAF12}.Ad-Hoc|ARM.ActiveCfg = Release|Any CPU
		{4E8E35FC-0B5C-4D94-8B79-54F558EDAF12}.Ad-Hoc|ARM.Build.0 = Release|Any CPU
		{4E8E35FC-0B5C-4D94-8B79-54F558EDAF12}.Ad-Hoc|ARM.Deploy.0 = Release|Any CPU
		{4E8E35FC-0B5C-4D94-8B79-54F558EDAF12}.Ad-Hoc|iPhone.ActiveCfg = Release|Any CPU
		{4E8E35FC-0B5C-4D94-8B79-54F558EDAF12}.Ad-Hoc|iPhone.Build.0 = Release|Any CPU
		{4E8E35FC-0B5C-4D94-8B79-54F558EDAF12}.Ad-Hoc|iPhone.Deploy.0 = Release|Any CPU
		{4E8E35FC-0B5C-4D94-8B79-54F558EDAF12}.Ad-Hoc|iPhoneSimulator.ActiveCfg = Release|Any CPU
		{4E8E35FC-0B5C-4D94-8B79-54F558EDAF12}.Ad-Hoc|iPhoneSimulator.Build.0 = Release|Any CPU
		{4E8E35FC-0B5C-4D94-8B79-54F558EDAF12}.Ad-Hoc|iPhoneSimulator.Deploy.0 = Release|Any CPU
		{4E8E35FC-0B5C-4D94-8B79-54F558EDAF12}.Ad-Hoc|x64.ActiveCfg = Release|Any CPU
		{4E8E35FC-0B5C-4D94-8B79-54F558EDAF12}.Ad-Hoc|x64.Build.0 = Release|Any CPU
		{4E8E35FC-0B5C-4D94-8B79-54F558EDAF12}.Ad-Hoc|x64.Deploy.0 = Release|Any CPU
		{4E8E35FC-0B5C-4D94-8B79-54F558EDAF12}.Ad-Hoc|x86.ActiveCfg = Release|Any CPU
		{4E8E35FC-0B5C-4D94-8B79-54F558EDAF12}.Ad-Hoc|x86.Build.0 = Release|Any CPU
		{4E8E35FC-0B5C-4D94-8B79-54F558EDAF12}.Ad-Hoc|x86.Deploy.0 = Release|Any CPU
		{4E8E35FC-0B5C-4D94-8B79-54F558EDAF12}.AppStore|Any CPU.ActiveCfg = Release|Any CPU
		{4E8E35FC-0B5C-4D94-8B79-54F558EDAF12}.AppStore|Any CPU.Build.0 = Release|Any CPU
		{4E8E35FC-0B5C-4D94-8B79-54F558EDAF12}.AppStore|Any CPU.Deploy.0 = Release|Any CPU
		{4E8E35FC-0B5C-4D94-8B79-54F558EDAF12}.AppStore|ARM.ActiveCfg = Release|Any CPU
		{4E8E35FC-0B5C-4D94-8B79-54F558EDAF12}.AppStore|ARM.Build.0 = Release|Any CPU
		{4E8E35FC-0B5C-4D94-8B79-54F558EDAF12}.AppStore|ARM.Deploy.0 = Release|Any CPU
		{4E8E35FC-0B5C-4D94-8B79-54F558EDAF12}.AppStore|iPhone.ActiveCfg = Release|Any CPU
		{4E8E35FC-0B5C-4D94-8B79-54F558EDAF12}.AppStore|iPhone.Build.0 = Release|Any CPU
		{4E8E35FC-0B5C-4D94-8B79-54F558EDAF12}.AppStore|iPhone.Deploy.0 = Release|Any CPU
		{4E8E35FC-0B5C-4D94-8B79-54F558EDAF12}.AppStore|iPhoneSimulator.ActiveCfg = Release|Any CPU
		{4E8E35FC-0B5C-4D94-8B79-54F558EDAF12}.AppStore|iPhoneSimulator.Build.0 = Release|Any CPU
		{4E8E35FC-0B5C-4D94-8B79-54F558EDAF12}.AppStore|iPhoneSimulator.Deploy.0 = Release|Any CPU
		{4E8E35FC-0B5C-4D94-8B79-54F558EDAF12}.AppStore|x64.ActiveCfg = Release|Any CPU
		{4E8E35FC-0B5C-4D94-8B79-54F558EDAF12}.AppStore|x64.Build.0 = Release|Any CPU
		{4E8E35FC-0B5C-4D94-8B79-54F558EDAF12}.AppStore|x64.Deploy.0 = Release|Any CPU
		{4E8E35FC-0B5C-4D94-8B79-54F558EDAF12}.AppStore|x86.ActiveCfg = Release|Any CPU
		{4E8E35FC-0B5C-4D94-8B79-54F558EDAF12}.AppStore|x86.Build.0 = Release|Any CPU
		{4E8E35FC-0B5C-4D94-8B79-54F558EDAF12}.AppStore|x86.Deploy.0 = Release|Any CPU
		{4E8E35FC-0B5C-4D94-8B79-54F558EDAF12}.Debug|Any CPU.ActiveCfg = Debug|Any CPU
		{4E8E35FC-0B5C-4D94-8B79-54F558EDAF12}.Debug|Any CPU.Build.0 = Debug|Any CPU
		{4E8E35FC-0B5C-4D94-8B79-54F558EDAF12}.Debug|Any CPU.Deploy.0 = Debug|Any CPU
		{4E8E35FC-0B5C-4D94-8B79-54F558EDAF12}.Debug|ARM.ActiveCfg = Debug|Any CPU
		{4E8E35FC-0B5C-4D94-8B79-54F558EDAF12}.Debug|ARM.Build.0 = Debug|Any CPU
		{4E8E35FC-0B5C-4D94-8B79-54F558EDAF12}.Debug|ARM.Deploy.0 = Debug|Any CPU
		{4E8E35FC-0B5C-4D94-8B79-54F558EDAF12}.Debug|iPhone.ActiveCfg = Debug|Any CPU
		{4E8E35FC-0B5C-4D94-8B79-54F558EDAF12}.Debug|iPhone.Build.0 = Debug|Any CPU
		{4E8E35FC-0B5C-4D94-8B79-54F558EDAF12}.Debug|iPhone.Deploy.0 = Debug|Any CPU
		{4E8E35FC-0B5C-4D94-8B79-54F558EDAF12}.Debug|iPhoneSimulator.ActiveCfg = Debug|Any CPU
		{4E8E35FC-0B5C-4D94-8B79-54F558EDAF12}.Debug|iPhoneSimulator.Build.0 = Debug|Any CPU
		{4E8E35FC-0B5C-4D94-8B79-54F558EDAF12}.Debug|iPhoneSimulator.Deploy.0 = Debug|Any CPU
		{4E8E35FC-0B5C-4D94-8B79-54F558EDAF12}.Debug|x64.ActiveCfg = Debug|Any CPU
		{4E8E35FC-0B5C-4D94-8B79-54F558EDAF12}.Debug|x64.Build.0 = Debug|Any CPU
		{4E8E35FC-0B5C-4D94-8B79-54F558EDAF12}.Debug|x64.Deploy.0 = Debug|Any CPU
		{4E8E35FC-0B5C-4D94-8B79-54F558EDAF12}.Debug|x86.ActiveCfg = Debug|Any CPU
		{4E8E35FC-0B5C-4D94-8B79-54F558EDAF12}.Debug|x86.Build.0 = Debug|Any CPU
		{4E8E35FC-0B5C-4D94-8B79-54F558EDAF12}.Debug|x86.Deploy.0 = Debug|Any CPU
		{4E8E35FC-0B5C-4D94-8B79-54F558EDAF12}.Release|Any CPU.ActiveCfg = Release|Any CPU
		{4E8E35FC-0B5C-4D94-8B79-54F558EDAF12}.Release|Any CPU.Build.0 = Release|Any CPU
		{4E8E35FC-0B5C-4D94-8B79-54F558EDAF12}.Release|Any CPU.Deploy.0 = Release|Any CPU
		{4E8E35FC-0B5C-4D94-8B79-54F558EDAF12}.Release|ARM.ActiveCfg = Release|Any CPU
		{4E8E35FC-0B5C-4D94-8B79-54F558EDAF12}.Release|ARM.Build.0 = Release|Any CPU
		{4E8E35FC-0B5C-4D94-8B79-54F558EDAF12}.Release|ARM.Deploy.0 = Release|Any CPU
		{4E8E35FC-0B5C-4D94-8B79-54F558EDAF12}.Release|iPhone.ActiveCfg = Release|Any CPU
		{4E8E35FC-0B5C-4D94-8B79-54F558EDAF12}.Release|iPhone.Build.0 = Release|Any CPU
		{4E8E35FC-0B5C-4D94-8B79-54F558EDAF12}.Release|iPhone.Deploy.0 = Release|Any CPU
		{4E8E35FC-0B5C-4D94-8B79-54F558EDAF12}.Release|iPhoneSimulator.ActiveCfg = Release|Any CPU
		{4E8E35FC-0B5C-4D94-8B79-54F558EDAF12}.Release|iPhoneSimulator.Build.0 = Release|Any CPU
		{4E8E35FC-0B5C-4D94-8B79-54F558EDAF12}.Release|iPhoneSimulator.Deploy.0 = Release|Any CPU
		{4E8E35FC-0B5C-4D94-8B79-54F558EDAF12}.Release|x64.ActiveCfg = Release|Any CPU
		{4E8E35FC-0B5C-4D94-8B79-54F558EDAF12}.Release|x64.Build.0 = Release|Any CPU
		{4E8E35FC-0B5C-4D94-8B79-54F558EDAF12}.Release|x64.Deploy.0 = Release|Any CPU
		{4E8E35FC-0B5C-4D94-8B79-54F558EDAF12}.Release|x86.ActiveCfg = Release|Any CPU
		{4E8E35FC-0B5C-4D94-8B79-54F558EDAF12}.Release|x86.Build.0 = Release|Any CPU
		{4E8E35FC-0B5C-4D94-8B79-54F558EDAF12}.Release|x86.Deploy.0 = Release|Any CPU
		{EE05D2EF-CE41-4275-8C17-7C1D1ACC9CCF}.Ad-Hoc|Any CPU.ActiveCfg = Ad-Hoc|iPhone
		{EE05D2EF-CE41-4275-8C17-7C1D1ACC9CCF}.Ad-Hoc|Any CPU.Build.0 = Ad-Hoc|iPhone
		{EE05D2EF-CE41-4275-8C17-7C1D1ACC9CCF}.Ad-Hoc|Any CPU.Deploy.0 = Ad-Hoc|iPhone
		{EE05D2EF-CE41-4275-8C17-7C1D1ACC9CCF}.Ad-Hoc|ARM.ActiveCfg = Ad-Hoc|iPhone
		{EE05D2EF-CE41-4275-8C17-7C1D1ACC9CCF}.Ad-Hoc|ARM.Build.0 = Ad-Hoc|iPhone
		{EE05D2EF-CE41-4275-8C17-7C1D1ACC9CCF}.Ad-Hoc|ARM.Deploy.0 = Ad-Hoc|iPhone
		{EE05D2EF-CE41-4275-8C17-7C1D1ACC9CCF}.Ad-Hoc|iPhone.ActiveCfg = Ad-Hoc|iPhone
		{EE05D2EF-CE41-4275-8C17-7C1D1ACC9CCF}.Ad-Hoc|iPhone.Build.0 = Ad-Hoc|iPhone
		{EE05D2EF-CE41-4275-8C17-7C1D1ACC9CCF}.Ad-Hoc|iPhone.Deploy.0 = Ad-Hoc|iPhone
		{EE05D2EF-CE41-4275-8C17-7C1D1ACC9CCF}.Ad-Hoc|iPhoneSimulator.ActiveCfg = Ad-Hoc|iPhoneSimulator
		{EE05D2EF-CE41-4275-8C17-7C1D1ACC9CCF}.Ad-Hoc|iPhoneSimulator.Build.0 = Ad-Hoc|iPhoneSimulator
		{EE05D2EF-CE41-4275-8C17-7C1D1ACC9CCF}.Ad-Hoc|iPhoneSimulator.Deploy.0 = Ad-Hoc|iPhoneSimulator
		{EE05D2EF-CE41-4275-8C17-7C1D1ACC9CCF}.Ad-Hoc|x64.ActiveCfg = Ad-Hoc|iPhone
		{EE05D2EF-CE41-4275-8C17-7C1D1ACC9CCF}.Ad-Hoc|x64.Build.0 = Ad-Hoc|iPhone
		{EE05D2EF-CE41-4275-8C17-7C1D1ACC9CCF}.Ad-Hoc|x64.Deploy.0 = Ad-Hoc|iPhone
		{EE05D2EF-CE41-4275-8C17-7C1D1ACC9CCF}.Ad-Hoc|x86.ActiveCfg = Ad-Hoc|iPhone
		{EE05D2EF-CE41-4275-8C17-7C1D1ACC9CCF}.Ad-Hoc|x86.Build.0 = Ad-Hoc|iPhone
		{EE05D2EF-CE41-4275-8C17-7C1D1ACC9CCF}.Ad-Hoc|x86.Deploy.0 = Ad-Hoc|iPhone
		{EE05D2EF-CE41-4275-8C17-7C1D1ACC9CCF}.AppStore|Any CPU.ActiveCfg = AppStore|iPhone
		{EE05D2EF-CE41-4275-8C17-7C1D1ACC9CCF}.AppStore|Any CPU.Build.0 = AppStore|iPhone
		{EE05D2EF-CE41-4275-8C17-7C1D1ACC9CCF}.AppStore|Any CPU.Deploy.0 = AppStore|iPhone
		{EE05D2EF-CE41-4275-8C17-7C1D1ACC9CCF}.AppStore|ARM.ActiveCfg = AppStore|iPhone
		{EE05D2EF-CE41-4275-8C17-7C1D1ACC9CCF}.AppStore|ARM.Build.0 = AppStore|iPhone
		{EE05D2EF-CE41-4275-8C17-7C1D1ACC9CCF}.AppStore|ARM.Deploy.0 = AppStore|iPhone
		{EE05D2EF-CE41-4275-8C17-7C1D1ACC9CCF}.AppStore|iPhone.ActiveCfg = AppStore|iPhone
		{EE05D2EF-CE41-4275-8C17-7C1D1ACC9CCF}.AppStore|iPhone.Build.0 = AppStore|iPhone
		{EE05D2EF-CE41-4275-8C17-7C1D1ACC9CCF}.AppStore|iPhone.Deploy.0 = AppStore|iPhone
		{EE05D2EF-CE41-4275-8C17-7C1D1ACC9CCF}.AppStore|iPhoneSimulator.ActiveCfg = AppStore|iPhoneSimulator
		{EE05D2EF-CE41-4275-8C17-7C1D1ACC9CCF}.AppStore|iPhoneSimulator.Build.0 = AppStore|iPhoneSimulator
		{EE05D2EF-CE41-4275-8C17-7C1D1ACC9CCF}.AppStore|iPhoneSimulator.Deploy.0 = AppStore|iPhoneSimulator
		{EE05D2EF-CE41-4275-8C17-7C1D1ACC9CCF}.AppStore|x64.ActiveCfg = AppStore|iPhone
		{EE05D2EF-CE41-4275-8C17-7C1D1ACC9CCF}.AppStore|x64.Build.0 = AppStore|iPhone
		{EE05D2EF-CE41-4275-8C17-7C1D1ACC9CCF}.AppStore|x64.Deploy.0 = AppStore|iPhone
		{EE05D2EF-CE41-4275-8C17-7C1D1ACC9CCF}.AppStore|x86.ActiveCfg = AppStore|iPhone
		{EE05D2EF-CE41-4275-8C17-7C1D1ACC9CCF}.AppStore|x86.Build.0 = AppStore|iPhone
		{EE05D2EF-CE41-4275-8C17-7C1D1ACC9CCF}.AppStore|x86.Deploy.0 = AppStore|iPhone
		{EE05D2EF-CE41-4275-8C17-7C1D1ACC9CCF}.Debug|Any CPU.ActiveCfg = Debug|iPhoneSimulator
		{EE05D2EF-CE41-4275-8C17-7C1D1ACC9CCF}.Debug|Any CPU.Build.0 = Debug|iPhoneSimulator
		{EE05D2EF-CE41-4275-8C17-7C1D1ACC9CCF}.Debug|Any CPU.Deploy.0 = Debug|iPhoneSimulator
		{EE05D2EF-CE41-4275-8C17-7C1D1ACC9CCF}.Debug|ARM.ActiveCfg = Debug|iPhone
		{EE05D2EF-CE41-4275-8C17-7C1D1ACC9CCF}.Debug|ARM.Build.0 = Debug|iPhone
		{EE05D2EF-CE41-4275-8C17-7C1D1ACC9CCF}.Debug|ARM.Deploy.0 = Debug|iPhone
		{EE05D2EF-CE41-4275-8C17-7C1D1ACC9CCF}.Debug|iPhone.ActiveCfg = Debug|iPhone
		{EE05D2EF-CE41-4275-8C17-7C1D1ACC9CCF}.Debug|iPhone.Build.0 = Debug|iPhone
		{EE05D2EF-CE41-4275-8C17-7C1D1ACC9CCF}.Debug|iPhone.Deploy.0 = Debug|iPhone
		{EE05D2EF-CE41-4275-8C17-7C1D1ACC9CCF}.Debug|iPhoneSimulator.ActiveCfg = Debug|iPhoneSimulator
		{EE05D2EF-CE41-4275-8C17-7C1D1ACC9CCF}.Debug|iPhoneSimulator.Build.0 = Debug|iPhoneSimulator
		{EE05D2EF-CE41-4275-8C17-7C1D1ACC9CCF}.Debug|iPhoneSimulator.Deploy.0 = Debug|iPhoneSimulator
		{EE05D2EF-CE41-4275-8C17-7C1D1ACC9CCF}.Debug|x64.ActiveCfg = Debug|iPhone
		{EE05D2EF-CE41-4275-8C17-7C1D1ACC9CCF}.Debug|x64.Build.0 = Debug|iPhone
		{EE05D2EF-CE41-4275-8C17-7C1D1ACC9CCF}.Debug|x64.Deploy.0 = Debug|iPhone
		{EE05D2EF-CE41-4275-8C17-7C1D1ACC9CCF}.Debug|x86.ActiveCfg = Debug|iPhone
		{EE05D2EF-CE41-4275-8C17-7C1D1ACC9CCF}.Debug|x86.Build.0 = Debug|iPhone
		{EE05D2EF-CE41-4275-8C17-7C1D1ACC9CCF}.Debug|x86.Deploy.0 = Debug|iPhone
		{EE05D2EF-CE41-4275-8C17-7C1D1ACC9CCF}.Release|Any CPU.ActiveCfg = Release|iPhone
		{EE05D2EF-CE41-4275-8C17-7C1D1ACC9CCF}.Release|Any CPU.Build.0 = Release|iPhone
		{EE05D2EF-CE41-4275-8C17-7C1D1ACC9CCF}.Release|Any CPU.Deploy.0 = Release|iPhone
		{EE05D2EF-CE41-4275-8C17-7C1D1ACC9CCF}.Release|ARM.ActiveCfg = Release|iPhone
		{EE05D2EF-CE41-4275-8C17-7C1D1ACC9CCF}.Release|ARM.Build.0 = Release|iPhone
		{EE05D2EF-CE41-4275-8C17-7C1D1ACC9CCF}.Release|ARM.Deploy.0 = Release|iPhone
		{EE05D2EF-CE41-4275-8C17-7C1D1ACC9CCF}.Release|iPhone.ActiveCfg = Release|iPhone
		{EE05D2EF-CE41-4275-8C17-7C1D1ACC9CCF}.Release|iPhone.Build.0 = Release|iPhone
		{EE05D2EF-CE41-4275-8C17-7C1D1ACC9CCF}.Release|iPhone.Deploy.0 = Release|iPhone
		{EE05D2EF-CE41-4275-8C17-7C1D1ACC9CCF}.Release|iPhoneSimulator.ActiveCfg = Release|iPhoneSimulator
		{EE05D2EF-CE41-4275-8C17-7C1D1ACC9CCF}.Release|iPhoneSimulator.Build.0 = Release|iPhoneSimulator
		{EE05D2EF-CE41-4275-8C17-7C1D1ACC9CCF}.Release|iPhoneSimulator.Deploy.0 = Release|iPhoneSimulator
		{EE05D2EF-CE41-4275-8C17-7C1D1ACC9CCF}.Release|x64.ActiveCfg = Release|iPhone
		{EE05D2EF-CE41-4275-8C17-7C1D1ACC9CCF}.Release|x64.Build.0 = Release|iPhone
		{EE05D2EF-CE41-4275-8C17-7C1D1ACC9CCF}.Release|x64.Deploy.0 = Release|iPhone
		{EE05D2EF-CE41-4275-8C17-7C1D1ACC9CCF}.Release|x86.ActiveCfg = Release|iPhone
		{EE05D2EF-CE41-4275-8C17-7C1D1ACC9CCF}.Release|x86.Build.0 = Release|iPhone
		{EE05D2EF-CE41-4275-8C17-7C1D1ACC9CCF}.Release|x86.Deploy.0 = Release|iPhone
		{D5635AC6-9529-4699-9863-D319CEF52A88}.Ad-Hoc|Any CPU.ActiveCfg = Release|x86
		{D5635AC6-9529-4699-9863-D319CEF52A88}.Ad-Hoc|Any CPU.Build.0 = Release|x86
		{D5635AC6-9529-4699-9863-D319CEF52A88}.Ad-Hoc|Any CPU.Deploy.0 = Release|x86
		{D5635AC6-9529-4699-9863-D319CEF52A88}.Ad-Hoc|ARM.ActiveCfg = Release|ARM
		{D5635AC6-9529-4699-9863-D319CEF52A88}.Ad-Hoc|ARM.Build.0 = Release|ARM
		{D5635AC6-9529-4699-9863-D319CEF52A88}.Ad-Hoc|ARM.Deploy.0 = Release|ARM
		{D5635AC6-9529-4699-9863-D319CEF52A88}.Ad-Hoc|iPhone.ActiveCfg = Release|x86
		{D5635AC6-9529-4699-9863-D319CEF52A88}.Ad-Hoc|iPhone.Build.0 = Release|x86
		{D5635AC6-9529-4699-9863-D319CEF52A88}.Ad-Hoc|iPhone.Deploy.0 = Release|x86
		{D5635AC6-9529-4699-9863-D319CEF52A88}.Ad-Hoc|iPhoneSimulator.ActiveCfg = Release|x86
		{D5635AC6-9529-4699-9863-D319CEF52A88}.Ad-Hoc|iPhoneSimulator.Build.0 = Release|x86
		{D5635AC6-9529-4699-9863-D319CEF52A88}.Ad-Hoc|iPhoneSimulator.Deploy.0 = Release|x86
		{D5635AC6-9529-4699-9863-D319CEF52A88}.Ad-Hoc|x64.ActiveCfg = Release|x64
		{D5635AC6-9529-4699-9863-D319CEF52A88}.Ad-Hoc|x64.Build.0 = Release|x64
		{D5635AC6-9529-4699-9863-D319CEF52A88}.Ad-Hoc|x64.Deploy.0 = Release|x64
		{D5635AC6-9529-4699-9863-D319CEF52A88}.Ad-Hoc|x86.ActiveCfg = Release|x86
		{D5635AC6-9529-4699-9863-D319CEF52A88}.Ad-Hoc|x86.Build.0 = Release|x86
		{D5635AC6-9529-4699-9863-D319CEF52A88}.Ad-Hoc|x86.Deploy.0 = Release|x86
		{D5635AC6-9529-4699-9863-D319CEF52A88}.AppStore|Any CPU.ActiveCfg = Release|x86
		{D5635AC6-9529-4699-9863-D319CEF52A88}.AppStore|Any CPU.Build.0 = Release|x86
		{D5635AC6-9529-4699-9863-D319CEF52A88}.AppStore|Any CPU.Deploy.0 = Release|x86
		{D5635AC6-9529-4699-9863-D319CEF52A88}.AppStore|ARM.ActiveCfg = Release|ARM
		{D5635AC6-9529-4699-9863-D319CEF52A88}.AppStore|ARM.Build.0 = Release|ARM
		{D5635AC6-9529-4699-9863-D319CEF52A88}.AppStore|ARM.Deploy.0 = Release|ARM
		{D5635AC6-9529-4699-9863-D319CEF52A88}.AppStore|iPhone.ActiveCfg = Release|x86
		{D5635AC6-9529-4699-9863-D319CEF52A88}.AppStore|iPhone.Build.0 = Release|x86
		{D5635AC6-9529-4699-9863-D319CEF52A88}.AppStore|iPhone.Deploy.0 = Release|x86
		{D5635AC6-9529-4699-9863-D319CEF52A88}.AppStore|iPhoneSimulator.ActiveCfg = Release|x86
		{D5635AC6-9529-4699-9863-D319CEF52A88}.AppStore|iPhoneSimulator.Build.0 = Release|x86
		{D5635AC6-9529-4699-9863-D319CEF52A88}.AppStore|iPhoneSimulator.Deploy.0 = Release|x86
		{D5635AC6-9529-4699-9863-D319CEF52A88}.AppStore|x64.ActiveCfg = Release|x64
		{D5635AC6-9529-4699-9863-D319CEF52A88}.AppStore|x64.Build.0 = Release|x64
		{D5635AC6-9529-4699-9863-D319CEF52A88}.AppStore|x64.Deploy.0 = Release|x64
		{D5635AC6-9529-4699-9863-D319CEF52A88}.AppStore|x86.ActiveCfg = Release|x86
		{D5635AC6-9529-4699-9863-D319CEF52A88}.AppStore|x86.Build.0 = Release|x86
		{D5635AC6-9529-4699-9863-D319CEF52A88}.AppStore|x86.Deploy.0 = Release|x86
		{D5635AC6-9529-4699-9863-D319CEF52A88}.Debug|Any CPU.ActiveCfg = Debug|x86
		{D5635AC6-9529-4699-9863-D319CEF52A88}.Debug|Any CPU.Build.0 = Debug|x86
		{D5635AC6-9529-4699-9863-D319CEF52A88}.Debug|Any CPU.Deploy.0 = Debug|x86
		{D5635AC6-9529-4699-9863-D319CEF52A88}.Debug|ARM.ActiveCfg = Debug|ARM
		{D5635AC6-9529-4699-9863-D319CEF52A88}.Debug|ARM.Build.0 = Debug|ARM
		{D5635AC6-9529-4699-9863-D319CEF52A88}.Debug|ARM.Deploy.0 = Debug|ARM
		{D5635AC6-9529-4699-9863-D319CEF52A88}.Debug|iPhone.ActiveCfg = Debug|x86
		{D5635AC6-9529-4699-9863-D319CEF52A88}.Debug|iPhone.Build.0 = Debug|x86
		{D5635AC6-9529-4699-9863-D319CEF52A88}.Debug|iPhone.Deploy.0 = Debug|x86
		{D5635AC6-9529-4699-9863-D319CEF52A88}.Debug|iPhoneSimulator.ActiveCfg = Debug|x86
		{D5635AC6-9529-4699-9863-D319CEF52A88}.Debug|iPhoneSimulator.Build.0 = Debug|x86
		{D5635AC6-9529-4699-9863-D319CEF52A88}.Debug|iPhoneSimulator.Deploy.0 = Debug|x86
		{D5635AC6-9529-4699-9863-D319CEF52A88}.Debug|x64.ActiveCfg = Debug|x64
		{D5635AC6-9529-4699-9863-D319CEF52A88}.Debug|x64.Build.0 = Debug|x64
		{D5635AC6-9529-4699-9863-D319CEF52A88}.Debug|x64.Deploy.0 = Debug|x64
		{D5635AC6-9529-4699-9863-D319CEF52A88}.Debug|x86.ActiveCfg = Debug|x86
		{D5635AC6-9529-4699-9863-D319CEF52A88}.Debug|x86.Build.0 = Debug|x86
		{D5635AC6-9529-4699-9863-D319CEF52A88}.Debug|x86.Deploy.0 = Debug|x86
		{D5635AC6-9529-4699-9863-D319CEF52A88}.Release|Any CPU.ActiveCfg = Release|x86
		{D5635AC6-9529-4699-9863-D319CEF52A88}.Release|Any CPU.Build.0 = Release|x86
		{D5635AC6-9529-4699-9863-D319CEF52A88}.Release|Any CPU.Deploy.0 = Release|x86
		{D5635AC6-9529-4699-9863-D319CEF52A88}.Release|ARM.ActiveCfg = Release|ARM
		{D5635AC6-9529-4699-9863-D319CEF52A88}.Release|ARM.Build.0 = Release|ARM
		{D5635AC6-9529-4699-9863-D319CEF52A88}.Release|ARM.Deploy.0 = Release|ARM
		{D5635AC6-9529-4699-9863-D319CEF52A88}.Release|iPhone.ActiveCfg = Release|x86
		{D5635AC6-9529-4699-9863-D319CEF52A88}.Release|iPhone.Build.0 = Release|x86
		{D5635AC6-9529-4699-9863-D319CEF52A88}.Release|iPhone.Deploy.0 = Release|x86
		{D5635AC6-9529-4699-9863-D319CEF52A88}.Release|iPhoneSimulator.ActiveCfg = Release|x86
		{D5635AC6-9529-4699-9863-D319CEF52A88}.Release|iPhoneSimulator.Build.0 = Release|x86
		{D5635AC6-9529-4699-9863-D319CEF52A88}.Release|iPhoneSimulator.Deploy.0 = Release|x86
		{D5635AC6-9529-4699-9863-D319CEF52A88}.Release|x64.ActiveCfg = Release|x64
		{D5635AC6-9529-4699-9863-D319CEF52A88}.Release|x64.Build.0 = Release|x64
		{D5635AC6-9529-4699-9863-D319CEF52A88}.Release|x64.Deploy.0 = Release|x64
		{D5635AC6-9529-4699-9863-D319CEF52A88}.Release|x86.ActiveCfg = Release|x86
		{D5635AC6-9529-4699-9863-D319CEF52A88}.Release|x86.Build.0 = Release|x86
		{D5635AC6-9529-4699-9863-D319CEF52A88}.Release|x86.Deploy.0 = Release|x86
		{ACFFD35B-40C5-40C6-BA47-8A756A6E425A}.Ad-Hoc|Any CPU.ActiveCfg = Debug|Any CPU
		{ACFFD35B-40C5-40C6-BA47-8A756A6E425A}.Ad-Hoc|Any CPU.Build.0 = Debug|Any CPU
		{ACFFD35B-40C5-40C6-BA47-8A756A6E425A}.Ad-Hoc|Any CPU.Deploy.0 = Debug|Any CPU
		{ACFFD35B-40C5-40C6-BA47-8A756A6E425A}.Ad-Hoc|ARM.ActiveCfg = Debug|Any CPU
		{ACFFD35B-40C5-40C6-BA47-8A756A6E425A}.Ad-Hoc|ARM.Build.0 = Debug|Any CPU
		{ACFFD35B-40C5-40C6-BA47-8A756A6E425A}.Ad-Hoc|ARM.Deploy.0 = Debug|Any CPU
		{ACFFD35B-40C5-40C6-BA47-8A756A6E425A}.Ad-Hoc|iPhone.ActiveCfg = Debug|Any CPU
		{ACFFD35B-40C5-40C6-BA47-8A756A6E425A}.Ad-Hoc|iPhone.Build.0 = Debug|Any CPU
		{ACFFD35B-40C5-40C6-BA47-8A756A6E425A}.Ad-Hoc|iPhone.Deploy.0 = Debug|Any CPU
		{ACFFD35B-40C5-40C6-BA47-8A756A6E425A}.Ad-Hoc|iPhoneSimulator.ActiveCfg = Debug|Any CPU
		{ACFFD35B-40C5-40C6-BA47-8A756A6E425A}.Ad-Hoc|iPhoneSimulator.Build.0 = Debug|Any CPU
		{ACFFD35B-40C5-40C6-BA47-8A756A6E425A}.Ad-Hoc|iPhoneSimulator.Deploy.0 = Debug|Any CPU
		{ACFFD35B-40C5-40C6-BA47-8A756A6E425A}.Ad-Hoc|x64.ActiveCfg = Debug|Any CPU
		{ACFFD35B-40C5-40C6-BA47-8A756A6E425A}.Ad-Hoc|x64.Build.0 = Debug|Any CPU
		{ACFFD35B-40C5-40C6-BA47-8A756A6E425A}.Ad-Hoc|x64.Deploy.0 = Debug|Any CPU
		{ACFFD35B-40C5-40C6-BA47-8A756A6E425A}.Ad-Hoc|x86.ActiveCfg = Debug|Any CPU
		{ACFFD35B-40C5-40C6-BA47-8A756A6E425A}.Ad-Hoc|x86.Build.0 = Debug|Any CPU
		{ACFFD35B-40C5-40C6-BA47-8A756A6E425A}.Ad-Hoc|x86.Deploy.0 = Debug|Any CPU
		{ACFFD35B-40C5-40C6-BA47-8A756A6E425A}.AppStore|Any CPU.ActiveCfg = Debug|Any CPU
		{ACFFD35B-40C5-40C6-BA47-8A756A6E425A}.AppStore|Any CPU.Build.0 = Debug|Any CPU
		{ACFFD35B-40C5-40C6-BA47-8A756A6E425A}.AppStore|Any CPU.Deploy.0 = Debug|Any CPU
		{ACFFD35B-40C5-40C6-BA47-8A756A6E425A}.AppStore|ARM.ActiveCfg = Debug|Any CPU
		{ACFFD35B-40C5-40C6-BA47-8A756A6E425A}.AppStore|ARM.Build.0 = Debug|Any CPU
		{ACFFD35B-40C5-40C6-BA47-8A756A6E425A}.AppStore|ARM.Deploy.0 = Debug|Any CPU
		{ACFFD35B-40C5-40C6-BA47-8A756A6E425A}.AppStore|iPhone.ActiveCfg = Debug|Any CPU
		{ACFFD35B-40C5-40C6-BA47-8A756A6E425A}.AppStore|iPhone.Build.0 = Debug|Any CPU
		{ACFFD35B-40C5-40C6-BA47-8A756A6E425A}.AppStore|iPhone.Deploy.0 = Debug|Any CPU
		{ACFFD35B-40C5-40C6-BA47-8A756A6E425A}.AppStore|iPhoneSimulator.ActiveCfg = Debug|Any CPU
		{ACFFD35B-40C5-40C6-BA47-8A756A6E425A}.AppStore|iPhoneSimulator.Build.0 = Debug|Any CPU
		{ACFFD35B-40C5-40C6-BA47-8A756A6E425A}.AppStore|iPhoneSimulator.Deploy.0 = Debug|Any CPU
		{ACFFD35B-40C5-40C6-BA47-8A756A6E425A}.AppStore|x64.ActiveCfg = Debug|Any CPU
		{ACFFD35B-40C5-40C6-BA47-8A756A6E425A}.AppStore|x64.Build.0 = Debug|Any CPU
		{ACFFD35B-40C5-40C6-BA47-8A756A6E425A}.AppStore|x64.Deploy.0 = Debug|Any CPU
		{ACFFD35B-40C5-40C6-BA47-8A756A6E425A}.AppStore|x86.ActiveCfg = Debug|Any CPU
		{ACFFD35B-40C5-40C6-BA47-8A756A6E425A}.AppStore|x86.Build.0 = Debug|Any CPU
		{ACFFD35B-40C5-40C6-BA47-8A756A6E425A}.AppStore|x86.Deploy.0 = Debug|Any CPU
		{ACFFD35B-40C5-40C6-BA47-8A756A6E425A}.Debug|Any CPU.ActiveCfg = Debug|Any CPU
		{ACFFD35B-40C5-40C6-BA47-8A756A6E425A}.Debug|Any CPU.Build.0 = Debug|Any CPU
		{ACFFD35B-40C5-40C6-BA47-8A756A6E425A}.Debug|Any CPU.Deploy.0 = Debug|Any CPU
		{ACFFD35B-40C5-40C6-BA47-8A756A6E425A}.Debug|ARM.ActiveCfg = Debug|Any CPU
		{ACFFD35B-40C5-40C6-BA47-8A756A6E425A}.Debug|ARM.Build.0 = Debug|Any CPU
		{ACFFD35B-40C5-40C6-BA47-8A756A6E425A}.Debug|ARM.Deploy.0 = Debug|Any CPU
		{ACFFD35B-40C5-40C6-BA47-8A756A6E425A}.Debug|iPhone.ActiveCfg = Debug|Any CPU
		{ACFFD35B-40C5-40C6-BA47-8A756A6E425A}.Debug|iPhone.Build.0 = Debug|Any CPU
		{ACFFD35B-40C5-40C6-BA47-8A756A6E425A}.Debug|iPhone.Deploy.0 = Debug|Any CPU
		{ACFFD35B-40C5-40C6-BA47-8A756A6E425A}.Debug|iPhoneSimulator.ActiveCfg = Debug|Any CPU
		{ACFFD35B-40C5-40C6-BA47-8A756A6E425A}.Debug|iPhoneSimulator.Build.0 = Debug|Any CPU
		{ACFFD35B-40C5-40C6-BA47-8A756A6E425A}.Debug|iPhoneSimulator.Deploy.0 = Debug|Any CPU
		{ACFFD35B-40C5-40C6-BA47-8A756A6E425A}.Debug|x64.ActiveCfg = Debug|Any CPU
		{ACFFD35B-40C5-40C6-BA47-8A756A6E425A}.Debug|x64.Build.0 = Debug|Any CPU
		{ACFFD35B-40C5-40C6-BA47-8A756A6E425A}.Debug|x64.Deploy.0 = Debug|Any CPU
		{ACFFD35B-40C5-40C6-BA47-8A756A6E425A}.Debug|x86.ActiveCfg = Debug|Any CPU
		{ACFFD35B-40C5-40C6-BA47-8A756A6E425A}.Debug|x86.Build.0 = Debug|Any CPU
		{ACFFD35B-40C5-40C6-BA47-8A756A6E425A}.Debug|x86.Deploy.0 = Debug|Any CPU
		{ACFFD35B-40C5-40C6-BA47-8A756A6E425A}.Release|Any CPU.ActiveCfg = Release|Any CPU
		{ACFFD35B-40C5-40C6-BA47-8A756A6E425A}.Release|Any CPU.Build.0 = Release|Any CPU
		{ACFFD35B-40C5-40C6-BA47-8A756A6E425A}.Release|Any CPU.Deploy.0 = Release|Any CPU
		{ACFFD35B-40C5-40C6-BA47-8A756A6E425A}.Release|ARM.ActiveCfg = Release|Any CPU
		{ACFFD35B-40C5-40C6-BA47-8A756A6E425A}.Release|ARM.Build.0 = Release|Any CPU
		{ACFFD35B-40C5-40C6-BA47-8A756A6E425A}.Release|ARM.Deploy.0 = Release|Any CPU
		{ACFFD35B-40C5-40C6-BA47-8A756A6E425A}.Release|iPhone.ActiveCfg = Release|Any CPU
		{ACFFD35B-40C5-40C6-BA47-8A756A6E425A}.Release|iPhone.Build.0 = Release|Any CPU
		{ACFFD35B-40C5-40C6-BA47-8A756A6E425A}.Release|iPhone.Deploy.0 = Release|Any CPU
		{ACFFD35B-40C5-40C6-BA47-8A756A6E425A}.Release|iPhoneSimulator.ActiveCfg = Release|Any CPU
		{ACFFD35B-40C5-40C6-BA47-8A756A6E425A}.Release|iPhoneSimulator.Build.0 = Release|Any CPU
		{ACFFD35B-40C5-40C6-BA47-8A756A6E425A}.Release|iPhoneSimulator.Deploy.0 = Release|Any CPU
		{ACFFD35B-40C5-40C6-BA47-8A756A6E425A}.Release|x64.ActiveCfg = Release|Any CPU
		{ACFFD35B-40C5-40C6-BA47-8A756A6E425A}.Release|x64.Build.0 = Release|Any CPU
		{ACFFD35B-40C5-40C6-BA47-8A756A6E425A}.Release|x64.Deploy.0 = Release|Any CPU
		{ACFFD35B-40C5-40C6-BA47-8A756A6E425A}.Release|x86.ActiveCfg = Release|Any CPU
		{ACFFD35B-40C5-40C6-BA47-8A756A6E425A}.Release|x86.Build.0 = Release|Any CPU
		{ACFFD35B-40C5-40C6-BA47-8A756A6E425A}.Release|x86.Deploy.0 = Release|Any CPU
	EndGlobalSection
	GlobalSection(SolutionProperties) = preSolution
		HideSolutionNode = FALSE
	EndGlobalSection
	GlobalSection(ExtensibilityGlobals) = postSolution
		SolutionGuid = {0253F7A7-1035-437F-A2A0-B744D9A90832}
	EndGlobalSection
EndGlobal
